
Microsoft Visual Studio Solution File, Format Version 12.00
# Visual Studio Version 16
VisualStudioVersion = 16.0.29709.97
MinimumVisualStudioVersion = 10.0.40219.1
Project("{2150E333-8FDC-42A3-9474-1A3956D46DE8}") = "src", "src", "{7CE0F61C-52EB-42D4-A8E8-3A50890B9FC4}"
EndProject
Project("{2150E333-8FDC-42A3-9474-1A3956D46DE8}") = "test", "test", "{013B5F2E-540A-4A79-8DAC-799E158EF685}"
EndProject
Project("{9A19103F-16F7-4668-BE54-9A1E7A4F7556}") = "Clarity.Api", "src\Clarity.Api\Clarity.Api.csproj", "{F6522FEA-5547-42C0-A0D5-2E8BAD3F9371}"
EndProject
Project("{9A19103F-16F7-4668-BE54-9A1E7A4F7556}") = "Clarity.Core", "src\Clarity.Core\Clarity.Core.csproj", "{909BAF2A-B323-4CAA-A81C-9FD1B8205D0C}"
EndProject
Project("{9A19103F-16F7-4668-BE54-9A1E7A4F7556}") = "Clarity.Domain", "src\Clarity.Domain\Clarity.Domain.csproj", "{6EFB1DB8-9AD1-4D26-9F66-C04366A26C01}"
EndProject
Project("{9A19103F-16F7-4668-BE54-9A1E7A4F7556}") = "Clarity.UnitTests", "test\Clarity.UnitTests\Clarity.UnitTests.csproj", "{F4417ED6-25E4-4B3E-96F3-6565CF784D24}"
EndProject
Project("{9A19103F-16F7-4668-BE54-9A1E7A4F7556}") = "Clarity.IntegrationTests", "test\Clarity.IntegrationTests\Clarity.IntegrationTests.csproj", "{BE891291-1503-499F-8B23-B7A0EABFDF92}"
EndProject
Project("{2150E333-8FDC-42A3-9474-1A3956D46DE8}") = "building-blocks", "building-blocks", "{0211E3FB-6D1D-4956-94A6-8D86D81F44A5}"
EndProject
Project("{9A19103F-16F7-4668-BE54-9A1E7A4F7556}") = "BuildingBlocks.Core", "building-blocks\BuildingBlocks.Core\BuildingBlocks.Core.csproj", "{71ED4AEC-A725-4B74-8AFB-353A72436BD9}"
EndProject
Project("{9A19103F-16F7-4668-BE54-9A1E7A4F7556}") = "BuildingBlocks.AspNetCore", "building-blocks\BuildingBlocks.AspNetCore\BuildingBlocks.AspNetCore.csproj", "{CB3D23B0-C9D6-4589-BAE4-7CFFE34371CE}"
EndProject
Project("{9A19103F-16F7-4668-BE54-9A1E7A4F7556}") = "BuildingBlocks.EventStore", "building-blocks\BuildingBlocks.EventStore\BuildingBlocks.EventStore.csproj", "{4A559221-7A30-4DD5-B1B2-8597CD63D108}"
EndProject
Project("{9A19103F-16F7-4668-BE54-9A1E7A4F7556}") = "Clarity.Testing", "test\Clarity.Testing\Clarity.Testing.csproj", "{54050CA0-1C00-4917-93CF-4F95859CD83C}"
EndProject
Global
	GlobalSection(SolutionConfigurationPlatforms) = preSolution
		Debug|Any CPU = Debug|Any CPU
		Release|Any CPU = Release|Any CPU
	EndGlobalSection
	GlobalSection(ProjectConfigurationPlatforms) = postSolution
		{F6522FEA-5547-42C0-A0D5-2E8BAD3F9371}.Debug|Any CPU.ActiveCfg = Debug|Any CPU
		{F6522FEA-5547-42C0-A0D5-2E8BAD3F9371}.Debug|Any CPU.Build.0 = Debug|Any CPU
		{F6522FEA-5547-42C0-A0D5-2E8BAD3F9371}.Release|Any CPU.ActiveCfg = Release|Any CPU
		{F6522FEA-5547-42C0-A0D5-2E8BAD3F9371}.Release|Any CPU.Build.0 = Release|Any CPU
		{909BAF2A-B323-4CAA-A81C-9FD1B8205D0C}.Debug|Any CPU.ActiveCfg = Debug|Any CPU
		{909BAF2A-B323-4CAA-A81C-9FD1B8205D0C}.Debug|Any CPU.Build.0 = Debug|Any CPU
		{909BAF2A-B323-4CAA-A81C-9FD1B8205D0C}.Release|Any CPU.ActiveCfg = Release|Any CPU
		{909BAF2A-B323-4CAA-A81C-9FD1B8205D0C}.Release|Any CPU.Build.0 = Release|Any CPU
		{6EFB1DB8-9AD1-4D26-9F66-C04366A26C01}.Debug|Any CPU.ActiveCfg = Debug|Any CPU
		{6EFB1DB8-9AD1-4D26-9F66-C04366A26C01}.Debug|Any CPU.Build.0 = Debug|Any CPU
		{6EFB1DB8-9AD1-4D26-9F66-C04366A26C01}.Release|Any CPU.ActiveCfg = Release|Any CPU
		{6EFB1DB8-9AD1-4D26-9F66-C04366A26C01}.Release|Any CPU.Build.0 = Release|Any CPU
		{F4417ED6-25E4-4B3E-96F3-6565CF784D24}.Debug|Any CPU.ActiveCfg = Debug|Any CPU
		{F4417ED6-25E4-4B3E-96F3-6565CF784D24}.Debug|Any CPU.Build.0 = Debug|Any CPU
		{F4417ED6-25E4-4B3E-96F3-6565CF784D24}.Release|Any CPU.ActiveCfg = Release|Any CPU
		{F4417ED6-25E4-4B3E-96F3-6565CF784D24}.Release|Any CPU.Build.0 = Release|Any CPU
		{BE891291-1503-499F-8B23-B7A0EABFDF92}.Debug|Any CPU.ActiveCfg = Debug|Any CPU
		{BE891291-1503-499F-8B23-B7A0EABFDF92}.Debug|Any CPU.Build.0 = Debug|Any CPU
		{BE891291-1503-499F-8B23-B7A0EABFDF92}.Release|Any CPU.ActiveCfg = Release|Any CPU
		{BE891291-1503-499F-8B23-B7A0EABFDF92}.Release|Any CPU.Build.0 = Release|Any CPU
		{71ED4AEC-A725-4B74-8AFB-353A72436BD9}.Debug|Any CPU.ActiveCfg = Debug|Any CPU
		{71ED4AEC-A725-4B74-8AFB-353A72436BD9}.Debug|Any CPU.Build.0 = Debug|Any CPU
		{71ED4AEC-A725-4B74-8AFB-353A72436BD9}.Release|Any CPU.ActiveCfg = Release|Any CPU
		{71ED4AEC-A725-4B74-8AFB-353A72436BD9}.Release|Any CPU.Build.0 = Release|Any CPU
		{CB3D23B0-C9D6-4589-BAE4-7CFFE34371CE}.Debug|Any CPU.ActiveCfg = Debug|Any CPU
		{CB3D23B0-C9D6-4589-BAE4-7CFFE34371CE}.Debug|Any CPU.Build.0 = Debug|Any CPU
		{CB3D23B0-C9D6-4589-BAE4-7CFFE34371CE}.Release|Any CPU.ActiveCfg = Release|Any CPU
		{CB3D23B0-C9D6-4589-BAE4-7CFFE34371CE}.Release|Any CPU.Build.0 = Release|Any CPU
		{4A559221-7A30-4DD5-B1B2-8597CD63D108}.Debug|Any CPU.ActiveCfg = Debug|Any CPU
		{4A559221-7A30-4DD5-B1B2-8597CD63D108}.Debug|Any CPU.Build.0 = Debug|Any CPU
		{4A559221-7A30-4DD5-B1B2-8597CD63D108}.Release|Any CPU.ActiveCfg = Release|Any CPU
		{4A559221-7A30-4DD5-B1B2-8597CD63D108}.Release|Any CPU.Build.0 = Release|Any CPU
		{54050CA0-1C00-4917-93CF-4F95859CD83C}.Debug|Any CPU.ActiveCfg = Debug|Any CPU
		{54050CA0-1C00-4917-93CF-4F95859CD83C}.Debug|Any CPU.Build.0 = Debug|Any CPU
		{54050CA0-1C00-4917-93CF-4F95859CD83C}.Release|Any CPU.ActiveCfg = Release|Any CPU
		{54050CA0-1C00-4917-93CF-4F95859CD83C}.Release|Any CPU.Build.0 = Release|Any CPU
	EndGlobalSection
	GlobalSection(SolutionProperties) = preSolution
		HideSolutionNode = FALSE
	EndGlobalSection
	GlobalSection(NestedProjects) = preSolution
		{F6522FEA-5547-42C0-A0D5-2E8BAD3F9371} = {7CE0F61C-52EB-42D4-A8E8-3A50890B9FC4}
		{909BAF2A-B323-4CAA-A81C-9FD1B8205D0C} = {7CE0F61C-52EB-42D4-A8E8-3A50890B9FC4}
		{6EFB1DB8-9AD1-4D26-9F66-C04366A26C01} = {7CE0F61C-52EB-42D4-A8E8-3A50890B9FC4}
		{F4417ED6-25E4-4B3E-96F3-6565CF784D24} = {013B5F2E-540A-4A79-8DAC-799E158EF685}
		{BE891291-1503-499F-8B23-B7A0EABFDF92} = {013B5F2E-540A-4A79-8DAC-799E158EF685}
		{71ED4AEC-A725-4B74-8AFB-353A72436BD9} = {0211E3FB-6D1D-4956-94A6-8D86D81F44A5}
		{CB3D23B0-C9D6-4589-BAE4-7CFFE34371CE} = {0211E3FB-6D1D-4956-94A6-8D86D81F44A5}
		{4A559221-7A30-4DD5-B1B2-8597CD63D108} = {0211E3FB-6D1D-4956-94A6-8D86D81F44A5}
		{54050CA0-1C00-4917-93CF-4F95859CD83C} = {013B5F2E-540A-4A79-8DAC-799E158EF685}
	EndGlobalSection
	GlobalSection(ExtensibilityGlobals) = postSolution
		SolutionGuid = {B9BE1CA7-77E5-4575-A5AE-C5AE135CF5A1}
	EndGlobalSection
EndGlobal
