
Microsoft Visual Studio Solution File, Format Version 12.00
# Visual Studio Version 17
VisualStudioVersion = 17.5.33402.96
MinimumVisualStudioVersion = 10.0.40219.1
Project("{2150E333-8FDC-42A3-9474-1A3956D46DE8}") = "src", "src", "{7CE0F61C-52EB-42D4-A8E8-3A50890B9FC4}"
EndProject
Project("{2150E333-8FDC-42A3-9474-1A3956D46DE8}") = "test", "test", "{013B5F2E-540A-4A79-8DAC-799E158EF685}"
EndProject
Project("{2150E333-8FDC-42A3-9474-1A3956D46DE8}") = "Services", "Services", "{D4646F68-86A6-4304-8107-66854673D6D6}"
EndProject
Project("{2150E333-8FDC-42A3-9474-1A3956D46DE8}") = "Clarity", "Clarity", "{15F1A22F-C26E-4717-80DF-2D41F3A3AE5C}"
EndProject
Project("{9A19103F-16F7-4668-BE54-9A1E7A4F7556}") = "Clarity.Core", "src\Services\Clarity\Clarity.Core\Clarity.Core.csproj", "{4AFE6BCC-65A1-45BB-80D1-1628908C3BFB}"
EndProject
Project("{2150E333-8FDC-42A3-9474-1A3956D46DE8}") = "BuildingBlocks", "BuildingBlocks", "{8C0FB49E-081B-499F-9751-5642CF170467}"
EndProject
Project("{9A19103F-16F7-4668-BE54-9A1E7A4F7556}") = "Kernel", "src\BuildingBlocks\Kernel\Kernel.csproj", "{3158873C-066C-4678-8281-2E96DEDD3A8D}"
EndProject
Project("{2150E333-8FDC-42A3-9474-1A3956D46DE8}") = "Messaging", "Messaging", "{1A70B99E-A90B-459B-B685-038ED9596F30}"
EndProject
Project("{9A19103F-16F7-4668-BE54-9A1E7A4F7556}") = "Messaging", "src\BuildingBlocks\Messaging\Messaging\Messaging.csproj", "{9A49EF7B-69F8-4AD9-9A64-04947513620F}"
EndProject
Project("{9A19103F-16F7-4668-BE54-9A1E7A4F7556}") = "Messaging.Udp", "src\BuildingBlocks\Messaging\Messaging.Udp\Messaging.Udp.csproj", "{549B190F-45B7-4664-ACC1-C9D29D82B340}"
EndProject
Project("{2150E333-8FDC-42A3-9474-1A3956D46DE8}") = "Security", "Security", "{A5127212-3C80-4F9C-B3CF-D661592F594A}"
EndProject
Project("{9A19103F-16F7-4668-BE54-9A1E7A4F7556}") = "Security", "src\BuildingBlocks\Security\Security\Security.csproj", "{681EC310-8F18-4879-B5A4-452E658B5137}"
EndProject
Project("{2150E333-8FDC-42A3-9474-1A3956D46DE8}") = "Telemetry", "Telemetry", "{6BCB3E55-AE64-4586-8A08-897C264EED08}"
EndProject
Project("{9A19103F-16F7-4668-BE54-9A1E7A4F7556}") = "Telemetry", "src\BuildingBlocks\Telemetry\Telemetry\Telemetry.csproj", "{E51EA4E5-3B82-427F-AFCF-50F92033492F}"
EndProject
Project("{2150E333-8FDC-42A3-9474-1A3956D46DE8}") = "Validation", "Validation", "{E5F52EB2-32F5-436A-A3A9-084F2FDB464F}"
EndProject
Project("{9A19103F-16F7-4668-BE54-9A1E7A4F7556}") = "Validation", "src\BuildingBlocks\Validation\Validation\Validation.csproj", "{12BF6E83-B2B6-4DDE-BCDF-F32613C23600}"
EndProject
Project("{9A19103F-16F7-4668-BE54-9A1E7A4F7556}") = "Clarity.Infrastructure", "src\Services\Clarity\Clarity.Infrastructure\Clarity.Infrastructure.csproj", "{85D4B806-0CBB-46A0-8742-B8F87E41FD72}"
EndProject
Project("{FAE04EC0-301F-11D3-BF4B-00C04F79EFBC}") = "Clarity.Api", "src\Services\Clarity\Clarity.Api\Clarity.Api.csproj", "{C411C5E9-6D41-4062-A5D4-6C384BF88713}"
EndProject
Global
	GlobalSection(SolutionConfigurationPlatforms) = preSolution
		Debug|Any CPU = Debug|Any CPU
		Debug|x64 = Debug|x64
		Debug|x86 = Debug|x86
		Release|Any CPU = Release|Any CPU
		Release|x64 = Release|x64
		Release|x86 = Release|x86
	EndGlobalSection
	GlobalSection(ProjectConfigurationPlatforms) = postSolution
		{4AFE6BCC-65A1-45BB-80D1-1628908C3BFB}.Debug|Any CPU.ActiveCfg = Debug|Any CPU
		{4AFE6BCC-65A1-45BB-80D1-1628908C3BFB}.Debug|Any CPU.Build.0 = Debug|Any CPU
		{4AFE6BCC-65A1-45BB-80D1-1628908C3BFB}.Debug|x64.ActiveCfg = Debug|Any CPU
		{4AFE6BCC-65A1-45BB-80D1-1628908C3BFB}.Debug|x64.Build.0 = Debug|Any CPU
		{4AFE6BCC-65A1-45BB-80D1-1628908C3BFB}.Debug|x86.ActiveCfg = Debug|Any CPU
		{4AFE6BCC-65A1-45BB-80D1-1628908C3BFB}.Debug|x86.Build.0 = Debug|Any CPU
		{4AFE6BCC-65A1-45BB-80D1-1628908C3BFB}.Release|Any CPU.ActiveCfg = Release|Any CPU
		{4AFE6BCC-65A1-45BB-80D1-1628908C3BFB}.Release|Any CPU.Build.0 = Release|Any CPU
		{4AFE6BCC-65A1-45BB-80D1-1628908C3BFB}.Release|x64.ActiveCfg = Release|Any CPU
		{4AFE6BCC-65A1-45BB-80D1-1628908C3BFB}.Release|x64.Build.0 = Release|Any CPU
		{4AFE6BCC-65A1-45BB-80D1-1628908C3BFB}.Release|x86.ActiveCfg = Release|Any CPU
		{4AFE6BCC-65A1-45BB-80D1-1628908C3BFB}.Release|x86.Build.0 = Release|Any CPU
		{3158873C-066C-4678-8281-2E96DEDD3A8D}.Debug|Any CPU.ActiveCfg = Debug|Any CPU
		{3158873C-066C-4678-8281-2E96DEDD3A8D}.Debug|Any CPU.Build.0 = Debug|Any CPU
		{3158873C-066C-4678-8281-2E96DEDD3A8D}.Debug|x64.ActiveCfg = Debug|Any CPU
		{3158873C-066C-4678-8281-2E96DEDD3A8D}.Debug|x64.Build.0 = Debug|Any CPU
		{3158873C-066C-4678-8281-2E96DEDD3A8D}.Debug|x86.ActiveCfg = Debug|Any CPU
		{3158873C-066C-4678-8281-2E96DEDD3A8D}.Debug|x86.Build.0 = Debug|Any CPU
		{3158873C-066C-4678-8281-2E96DEDD3A8D}.Release|Any CPU.ActiveCfg = Release|Any CPU
		{3158873C-066C-4678-8281-2E96DEDD3A8D}.Release|Any CPU.Build.0 = Release|Any CPU
		{3158873C-066C-4678-8281-2E96DEDD3A8D}.Release|x64.ActiveCfg = Release|Any CPU
		{3158873C-066C-4678-8281-2E96DEDD3A8D}.Release|x64.Build.0 = Release|Any CPU
		{3158873C-066C-4678-8281-2E96DEDD3A8D}.Release|x86.ActiveCfg = Release|Any CPU
		{3158873C-066C-4678-8281-2E96DEDD3A8D}.Release|x86.Build.0 = Release|Any CPU
		{9A49EF7B-69F8-4AD9-9A64-04947513620F}.Debug|Any CPU.ActiveCfg = Debug|Any CPU
		{9A49EF7B-69F8-4AD9-9A64-04947513620F}.Debug|Any CPU.Build.0 = Debug|Any CPU
		{9A49EF7B-69F8-4AD9-9A64-04947513620F}.Debug|x64.ActiveCfg = Debug|Any CPU
		{9A49EF7B-69F8-4AD9-9A64-04947513620F}.Debug|x64.Build.0 = Debug|Any CPU
		{9A49EF7B-69F8-4AD9-9A64-04947513620F}.Debug|x86.ActiveCfg = Debug|Any CPU
		{9A49EF7B-69F8-4AD9-9A64-04947513620F}.Debug|x86.Build.0 = Debug|Any CPU
		{9A49EF7B-69F8-4AD9-9A64-04947513620F}.Release|Any CPU.ActiveCfg = Release|Any CPU
		{9A49EF7B-69F8-4AD9-9A64-04947513620F}.Release|Any CPU.Build.0 = Release|Any CPU
		{9A49EF7B-69F8-4AD9-9A64-04947513620F}.Release|x64.ActiveCfg = Release|Any CPU
		{9A49EF7B-69F8-4AD9-9A64-04947513620F}.Release|x64.Build.0 = Release|Any CPU
		{9A49EF7B-69F8-4AD9-9A64-04947513620F}.Release|x86.ActiveCfg = Release|Any CPU
		{9A49EF7B-69F8-4AD9-9A64-04947513620F}.Release|x86.Build.0 = Release|Any CPU
		{549B190F-45B7-4664-ACC1-C9D29D82B340}.Debug|Any CPU.ActiveCfg = Debug|Any CPU
		{549B190F-45B7-4664-ACC1-C9D29D82B340}.Debug|Any CPU.Build.0 = Debug|Any CPU
		{549B190F-45B7-4664-ACC1-C9D29D82B340}.Debug|x64.ActiveCfg = Debug|Any CPU
		{549B190F-45B7-4664-ACC1-C9D29D82B340}.Debug|x64.Build.0 = Debug|Any CPU
		{549B190F-45B7-4664-ACC1-C9D29D82B340}.Debug|x86.ActiveCfg = Debug|Any CPU
		{549B190F-45B7-4664-ACC1-C9D29D82B340}.Debug|x86.Build.0 = Debug|Any CPU
		{549B190F-45B7-4664-ACC1-C9D29D82B340}.Release|Any CPU.ActiveCfg = Release|Any CPU
		{549B190F-45B7-4664-ACC1-C9D29D82B340}.Release|Any CPU.Build.0 = Release|Any CPU
		{549B190F-45B7-4664-ACC1-C9D29D82B340}.Release|x64.ActiveCfg = Release|Any CPU
		{549B190F-45B7-4664-ACC1-C9D29D82B340}.Release|x64.Build.0 = Release|Any CPU
		{549B190F-45B7-4664-ACC1-C9D29D82B340}.Release|x86.ActiveCfg = Release|Any CPU
		{549B190F-45B7-4664-ACC1-C9D29D82B340}.Release|x86.Build.0 = Release|Any CPU
		{681EC310-8F18-4879-B5A4-452E658B5137}.Debug|Any CPU.ActiveCfg = Debug|Any CPU
		{681EC310-8F18-4879-B5A4-452E658B5137}.Debug|Any CPU.Build.0 = Debug|Any CPU
		{681EC310-8F18-4879-B5A4-452E658B5137}.Debug|x64.ActiveCfg = Debug|Any CPU
		{681EC310-8F18-4879-B5A4-452E658B5137}.Debug|x64.Build.0 = Debug|Any CPU
		{681EC310-8F18-4879-B5A4-452E658B5137}.Debug|x86.ActiveCfg = Debug|Any CPU
		{681EC310-8F18-4879-B5A4-452E658B5137}.Debug|x86.Build.0 = Debug|Any CPU
		{681EC310-8F18-4879-B5A4-452E658B5137}.Release|Any CPU.ActiveCfg = Release|Any CPU
		{681EC310-8F18-4879-B5A4-452E658B5137}.Release|Any CPU.Build.0 = Release|Any CPU
		{681EC310-8F18-4879-B5A4-452E658B5137}.Release|x64.ActiveCfg = Release|Any CPU
		{681EC310-8F18-4879-B5A4-452E658B5137}.Release|x64.Build.0 = Release|Any CPU
		{681EC310-8F18-4879-B5A4-452E658B5137}.Release|x86.ActiveCfg = Release|Any CPU
		{681EC310-8F18-4879-B5A4-452E658B5137}.Release|x86.Build.0 = Release|Any CPU
		{E51EA4E5-3B82-427F-AFCF-50F92033492F}.Debug|Any CPU.ActiveCfg = Debug|Any CPU
		{E51EA4E5-3B82-427F-AFCF-50F92033492F}.Debug|Any CPU.Build.0 = Debug|Any CPU
		{E51EA4E5-3B82-427F-AFCF-50F92033492F}.Debug|x64.ActiveCfg = Debug|Any CPU
		{E51EA4E5-3B82-427F-AFCF-50F92033492F}.Debug|x64.Build.0 = Debug|Any CPU
		{E51EA4E5-3B82-427F-AFCF-50F92033492F}.Debug|x86.ActiveCfg = Debug|Any CPU
		{E51EA4E5-3B82-427F-AFCF-50F92033492F}.Debug|x86.Build.0 = Debug|Any CPU
		{E51EA4E5-3B82-427F-AFCF-50F92033492F}.Release|Any CPU.ActiveCfg = Release|Any CPU
		{E51EA4E5-3B82-427F-AFCF-50F92033492F}.Release|Any CPU.Build.0 = Release|Any CPU
		{E51EA4E5-3B82-427F-AFCF-50F92033492F}.Release|x64.ActiveCfg = Release|Any CPU
		{E51EA4E5-3B82-427F-AFCF-50F92033492F}.Release|x64.Build.0 = Release|Any CPU
		{E51EA4E5-3B82-427F-AFCF-50F92033492F}.Release|x86.ActiveCfg = Release|Any CPU
		{E51EA4E5-3B82-427F-AFCF-50F92033492F}.Release|x86.Build.0 = Release|Any CPU
		{12BF6E83-B2B6-4DDE-BCDF-F32613C23600}.Debug|Any CPU.ActiveCfg = Debug|Any CPU
		{12BF6E83-B2B6-4DDE-BCDF-F32613C23600}.Debug|Any CPU.Build.0 = Debug|Any CPU
		{12BF6E83-B2B6-4DDE-BCDF-F32613C23600}.Debug|x64.ActiveCfg = Debug|Any CPU
		{12BF6E83-B2B6-4DDE-BCDF-F32613C23600}.Debug|x64.Build.0 = Debug|Any CPU
		{12BF6E83-B2B6-4DDE-BCDF-F32613C23600}.Debug|x86.ActiveCfg = Debug|Any CPU
		{12BF6E83-B2B6-4DDE-BCDF-F32613C23600}.Debug|x86.Build.0 = Debug|Any CPU
		{12BF6E83-B2B6-4DDE-BCDF-F32613C23600}.Release|Any CPU.ActiveCfg = Release|Any CPU
		{12BF6E83-B2B6-4DDE-BCDF-F32613C23600}.Release|Any CPU.Build.0 = Release|Any CPU
		{12BF6E83-B2B6-4DDE-BCDF-F32613C23600}.Release|x64.ActiveCfg = Release|Any CPU
		{12BF6E83-B2B6-4DDE-BCDF-F32613C23600}.Release|x64.Build.0 = Release|Any CPU
		{12BF6E83-B2B6-4DDE-BCDF-F32613C23600}.Release|x86.ActiveCfg = Release|Any CPU
		{12BF6E83-B2B6-4DDE-BCDF-F32613C23600}.Release|x86.Build.0 = Release|Any CPU
		{85D4B806-0CBB-46A0-8742-B8F87E41FD72}.Debug|Any CPU.ActiveCfg = Debug|Any CPU
		{85D4B806-0CBB-46A0-8742-B8F87E41FD72}.Debug|Any CPU.Build.0 = Debug|Any CPU
		{85D4B806-0CBB-46A0-8742-B8F87E41FD72}.Debug|x64.ActiveCfg = Debug|Any CPU
		{85D4B806-0CBB-46A0-8742-B8F87E41FD72}.Debug|x64.Build.0 = Debug|Any CPU
		{85D4B806-0CBB-46A0-8742-B8F87E41FD72}.Debug|x86.ActiveCfg = Debug|Any CPU
		{85D4B806-0CBB-46A0-8742-B8F87E41FD72}.Debug|x86.Build.0 = Debug|Any CPU
		{85D4B806-0CBB-46A0-8742-B8F87E41FD72}.Release|Any CPU.ActiveCfg = Release|Any CPU
		{85D4B806-0CBB-46A0-8742-B8F87E41FD72}.Release|Any CPU.Build.0 = Release|Any CPU
		{85D4B806-0CBB-46A0-8742-B8F87E41FD72}.Release|x64.ActiveCfg = Release|Any CPU
		{85D4B806-0CBB-46A0-8742-B8F87E41FD72}.Release|x64.Build.0 = Release|Any CPU
		{85D4B806-0CBB-46A0-8742-B8F87E41FD72}.Release|x86.ActiveCfg = Release|Any CPU
		{85D4B806-0CBB-46A0-8742-B8F87E41FD72}.Release|x86.Build.0 = Release|Any CPU
		{C411C5E9-6D41-4062-A5D4-6C384BF88713}.Debug|Any CPU.ActiveCfg = Debug|Any CPU
		{C411C5E9-6D41-4062-A5D4-6C384BF88713}.Debug|Any CPU.Build.0 = Debug|Any CPU
		{C411C5E9-6D41-4062-A5D4-6C384BF88713}.Debug|x64.ActiveCfg = Debug|Any CPU
		{C411C5E9-6D41-4062-A5D4-6C384BF88713}.Debug|x64.Build.0 = Debug|Any CPU
		{C411C5E9-6D41-4062-A5D4-6C384BF88713}.Debug|x86.ActiveCfg = Debug|Any CPU
		{C411C5E9-6D41-4062-A5D4-6C384BF88713}.Debug|x86.Build.0 = Debug|Any CPU
		{C411C5E9-6D41-4062-A5D4-6C384BF88713}.Release|Any CPU.ActiveCfg = Release|Any CPU
		{C411C5E9-6D41-4062-A5D4-6C384BF88713}.Release|Any CPU.Build.0 = Release|Any CPU
		{C411C5E9-6D41-4062-A5D4-6C384BF88713}.Release|x64.ActiveCfg = Release|Any CPU
		{C411C5E9-6D41-4062-A5D4-6C384BF88713}.Release|x64.Build.0 = Release|Any CPU
		{C411C5E9-6D41-4062-A5D4-6C384BF88713}.Release|x86.ActiveCfg = Release|Any CPU
		{C411C5E9-6D41-4062-A5D4-6C384BF88713}.Release|x86.Build.0 = Release|Any CPU
	EndGlobalSection
	GlobalSection(SolutionProperties) = preSolution
		HideSolutionNode = FALSE
	EndGlobalSection
	GlobalSection(NestedProjects) = preSolution
		{D4646F68-86A6-4304-8107-66854673D6D6} = {7CE0F61C-52EB-42D4-A8E8-3A50890B9FC4}
		{15F1A22F-C26E-4717-80DF-2D41F3A3AE5C} = {D4646F68-86A6-4304-8107-66854673D6D6}
		{4AFE6BCC-65A1-45BB-80D1-1628908C3BFB} = {15F1A22F-C26E-4717-80DF-2D41F3A3AE5C}
		{8C0FB49E-081B-499F-9751-5642CF170467} = {7CE0F61C-52EB-42D4-A8E8-3A50890B9FC4}
		{3158873C-066C-4678-8281-2E96DEDD3A8D} = {8C0FB49E-081B-499F-9751-5642CF170467}
		{1A70B99E-A90B-459B-B685-038ED9596F30} = {8C0FB49E-081B-499F-9751-5642CF170467}
		{9A49EF7B-69F8-4AD9-9A64-04947513620F} = {1A70B99E-A90B-459B-B685-038ED9596F30}
		{549B190F-45B7-4664-ACC1-C9D29D82B340} = {1A70B99E-A90B-459B-B685-038ED9596F30}
		{A5127212-3C80-4F9C-B3CF-D661592F594A} = {8C0FB49E-081B-499F-9751-5642CF170467}
		{681EC310-8F18-4879-B5A4-452E658B5137} = {A5127212-3C80-4F9C-B3CF-D661592F594A}
		{6BCB3E55-AE64-4586-8A08-897C264EED08} = {8C0FB49E-081B-499F-9751-5642CF170467}
		{E51EA4E5-3B82-427F-AFCF-50F92033492F} = {6BCB3E55-AE64-4586-8A08-897C264EED08}
		{E5F52EB2-32F5-436A-A3A9-084F2FDB464F} = {8C0FB49E-081B-499F-9751-5642CF170467}
		{12BF6E83-B2B6-4DDE-BCDF-F32613C23600} = {E5F52EB2-32F5-436A-A3A9-084F2FDB464F}
		{85D4B806-0CBB-46A0-8742-B8F87E41FD72} = {15F1A22F-C26E-4717-80DF-2D41F3A3AE5C}
		{C411C5E9-6D41-4062-A5D4-6C384BF88713} = {15F1A22F-C26E-4717-80DF-2D41F3A3AE5C}
	EndGlobalSection
	GlobalSection(ExtensibilityGlobals) = postSolution
		SolutionGuid = {B9BE1CA7-77E5-4575-A5AE-C5AE135CF5A1}
	EndGlobalSection
EndGlobal
